// !$*UTF8*$!
{
	archiveVersion = 1;
	classes = {
	};
	objectVersion = 46;
	objects = {

/* Begin PBXBuildFile section */
		8BBB4F401A60E4E9001240F5 /* main.m in Sources */ = {isa = PBXBuildFile; fileRef = 8BBB4F3F1A60E4E9001240F5 /* main.m */; };
		8BBB4F491A60E4E9001240F5 /* Main.storyboard in Resources */ = {isa = PBXBuildFile; fileRef = 8BBB4F471A60E4E9001240F5 /* Main.storyboard */; };
		8BBB4F4B1A60E4E9001240F5 /* Images.xcassets in Resources */ = {isa = PBXBuildFile; fileRef = 8BBB4F4A1A60E4E9001240F5 /* Images.xcassets */; };
		8BBB4F4E1A60E4E9001240F5 /* LaunchScreen.xib in Resources */ = {isa = PBXBuildFile; fileRef = 8BBB4F4C1A60E4E9001240F5 /* LaunchScreen.xib */; };
		8BBB4F5A1A60E4EA001240F5 /* Earth_PuzzlesTests.m in Sources */ = {isa = PBXBuildFile; fileRef = 8BBB4F591A60E4EA001240F5 /* Earth_PuzzlesTests.m */; };
		8BBB4F691A60E527001240F5 /* AppDelegate.m in Sources */ = {isa = PBXBuildFile; fileRef = 8BBB4F651A60E527001240F5 /* AppDelegate.m */; };
		8BBB4F6C1A60E551001240F5 /* ImageSelectionTableViewController.m in Sources */ = {isa = PBXBuildFile; fileRef = 8BBB4F6B1A60E551001240F5 /* ImageSelectionTableViewController.m */; };
		8BBB4F6F1A60E564001240F5 /* PuzzleViewController.m in Sources */ = {isa = PBXBuildFile; fileRef = 8BBB4F6E1A60E564001240F5 /* PuzzleViewController.m */; };
		8BBB4F721A60E57F001240F5 /* ImageDataFetcher.m in Sources */ = {isa = PBXBuildFile; fileRef = 8BBB4F711A60E57F001240F5 /* ImageDataFetcher.m */; };
		8BBB4F751A60E64C001240F5 /* ImageData.m in Sources */ = {isa = PBXBuildFile; fileRef = 8BBB4F741A60E64C001240F5 /* ImageData.m */; };
		8BBB4F991A611683001240F5 /* MKAnnotationView+WebCache.m in Sources */ = {isa = PBXBuildFile; fileRef = 8BBB4F791A611683001240F5 /* MKAnnotationView+WebCache.m */; };
		8BBB4F9A1A611683001240F5 /* NSData+ImageContentType.m in Sources */ = {isa = PBXBuildFile; fileRef = 8BBB4F7B1A611683001240F5 /* NSData+ImageContentType.m */; };
		8BBB4F9B1A611683001240F5 /* SDImageCache.m in Sources */ = {isa = PBXBuildFile; fileRef = 8BBB4F7D1A611683001240F5 /* SDImageCache.m */; };
		8BBB4F9C1A611683001240F5 /* SDWebImageCompat.m in Sources */ = {isa = PBXBuildFile; fileRef = 8BBB4F7F1A611683001240F5 /* SDWebImageCompat.m */; };
		8BBB4F9D1A611683001240F5 /* SDWebImageDecoder.m in Sources */ = {isa = PBXBuildFile; fileRef = 8BBB4F811A611683001240F5 /* SDWebImageDecoder.m */; };
		8BBB4F9E1A611683001240F5 /* SDWebImageDownloader.m in Sources */ = {isa = PBXBuildFile; fileRef = 8BBB4F831A611683001240F5 /* SDWebImageDownloader.m */; };
		8BBB4F9F1A611683001240F5 /* SDWebImageDownloaderOperation.m in Sources */ = {isa = PBXBuildFile; fileRef = 8BBB4F851A611683001240F5 /* SDWebImageDownloaderOperation.m */; };
		8BBB4FA01A611683001240F5 /* SDWebImageManager.m in Sources */ = {isa = PBXBuildFile; fileRef = 8BBB4F871A611683001240F5 /* SDWebImageManager.m */; };
		8BBB4FA11A611683001240F5 /* SDWebImagePrefetcher.m in Sources */ = {isa = PBXBuildFile; fileRef = 8BBB4F8A1A611683001240F5 /* SDWebImagePrefetcher.m */; };
		8BBB4FA21A611683001240F5 /* UIButton+WebCache.m in Sources */ = {isa = PBXBuildFile; fileRef = 8BBB4F8C1A611683001240F5 /* UIButton+WebCache.m */; };
		8BBB4FA31A611683001240F5 /* UIImage+GIF.m in Sources */ = {isa = PBXBuildFile; fileRef = 8BBB4F8E1A611683001240F5 /* UIImage+GIF.m */; };
		8BBB4FA41A611683001240F5 /* UIImage+MultiFormat.m in Sources */ = {isa = PBXBuildFile; fileRef = 8BBB4F901A611683001240F5 /* UIImage+MultiFormat.m */; };
		8BBB4FA51A611683001240F5 /* UIImage+WebP.m in Sources */ = {isa = PBXBuildFile; fileRef = 8BBB4F921A611683001240F5 /* UIImage+WebP.m */; };
		8BBB4FA61A611683001240F5 /* UIImageView+HighlightedWebCache.m in Sources */ = {isa = PBXBuildFile; fileRef = 8BBB4F941A611683001240F5 /* UIImageView+HighlightedWebCache.m */; };
		8BBB4FA71A611683001240F5 /* UIImageView+WebCache.m in Sources */ = {isa = PBXBuildFile; fileRef = 8BBB4F961A611683001240F5 /* UIImageView+WebCache.m */; };
		8BBB4FA81A611683001240F5 /* UIView+WebCacheOperation.m in Sources */ = {isa = PBXBuildFile; fileRef = 8BBB4F981A611683001240F5 /* UIView+WebCacheOperation.m */; };
		8BBB4FAC1A611732001240F5 /* UIImageView+UIActivityIndicatorForSDWebImage.m in Sources */ = {isa = PBXBuildFile; fileRef = 8BBB4FAB1A611732001240F5 /* UIImageView+UIActivityIndicatorForSDWebImage.m */; };
		8BBB4FB01A6117F3001240F5 /* ImageTableViewCell.m in Sources */ = {isa = PBXBuildFile; fileRef = 8BBB4FAE1A6117F3001240F5 /* ImageTableViewCell.m */; };
		8BBB4FB11A6117F3001240F5 /* ImageTableViewCell.xib in Resources */ = {isa = PBXBuildFile; fileRef = 8BBB4FAF1A6117F3001240F5 /* ImageTableViewCell.xib */; };
		8BBB4FB71A616FCA001240F5 /* UIImage+Extras.m in Sources */ = {isa = PBXBuildFile; fileRef = 8BBB4FB61A616FCA001240F5 /* UIImage+Extras.m */; };
		8BBB4FBA1A623C6C001240F5 /* TileBoard.m in Sources */ = {isa = PBXBuildFile; fileRef = 8BBB4FB91A623C6C001240F5 /* TileBoard.m */; };
		8BBB4FBD1A623D20001240F5 /* TileBoardView.m in Sources */ = {isa = PBXBuildFile; fileRef = 8BBB4FBC1A623D20001240F5 /* TileBoardView.m */; };
/* End PBXBuildFile section */

/* Begin PBXContainerItemProxy section */
		8BBB4F541A60E4EA001240F5 /* PBXContainerItemProxy */ = {
			isa = PBXContainerItemProxy;
			containerPortal = 8BBB4F321A60E4E9001240F5 /* Project object */;
			proxyType = 1;
			remoteGlobalIDString = 8BBB4F391A60E4E9001240F5;
			remoteInfo = "Earth Puzzles";
		};
/* End PBXContainerItemProxy section */

/* Begin PBXFileReference section */
		8BBB4F3A1A60E4E9001240F5 /* Earth Puzzles.app */ = {isa = PBXFileReference; explicitFileType = wrapper.application; includeInIndex = 0; path = "Earth Puzzles.app"; sourceTree = BUILT_PRODUCTS_DIR; };
		8BBB4F3E1A60E4E9001240F5 /* Info.plist */ = {isa = PBXFileReference; lastKnownFileType = text.plist.xml; path = Info.plist; sourceTree = "<group>"; };
		8BBB4F3F1A60E4E9001240F5 /* main.m */ = {isa = PBXFileReference; lastKnownFileType = sourcecode.c.objc; path = main.m; sourceTree = "<group>"; };
		8BBB4F481A60E4E9001240F5 /* Base */ = {isa = PBXFileReference; lastKnownFileType = file.storyboard; name = Base; path = Base.lproj/Main.storyboard; sourceTree = "<group>"; };
		8BBB4F4A1A60E4E9001240F5 /* Images.xcassets */ = {isa = PBXFileReference; lastKnownFileType = folder.assetcatalog; path = Images.xcassets; sourceTree = "<group>"; };
		8BBB4F4D1A60E4E9001240F5 /* Base */ = {isa = PBXFileReference; lastKnownFileType = file.xib; name = Base; path = Base.lproj/LaunchScreen.xib; sourceTree = "<group>"; };
		8BBB4F531A60E4EA001240F5 /* Earth PuzzlesTests.xctest */ = {isa = PBXFileReference; explicitFileType = wrapper.cfbundle; includeInIndex = 0; path = "Earth PuzzlesTests.xctest"; sourceTree = BUILT_PRODUCTS_DIR; };
		8BBB4F581A60E4EA001240F5 /* Info.plist */ = {isa = PBXFileReference; lastKnownFileType = text.plist.xml; path = Info.plist; sourceTree = "<group>"; };
		8BBB4F591A60E4EA001240F5 /* Earth_PuzzlesTests.m */ = {isa = PBXFileReference; lastKnownFileType = sourcecode.c.objc; path = Earth_PuzzlesTests.m; sourceTree = "<group>"; };
		8BBB4F641A60E527001240F5 /* AppDelegate.h */ = {isa = PBXFileReference; fileEncoding = 4; lastKnownFileType = sourcecode.c.h; path = AppDelegate.h; sourceTree = "<group>"; };
		8BBB4F651A60E527001240F5 /* AppDelegate.m */ = {isa = PBXFileReference; fileEncoding = 4; lastKnownFileType = sourcecode.c.objc; path = AppDelegate.m; sourceTree = "<group>"; };
		8BBB4F6A1A60E551001240F5 /* ImageSelectionTableViewController.h */ = {isa = PBXFileReference; fileEncoding = 4; lastKnownFileType = sourcecode.c.h; path = ImageSelectionTableViewController.h; sourceTree = "<group>"; };
		8BBB4F6B1A60E551001240F5 /* ImageSelectionTableViewController.m */ = {isa = PBXFileReference; fileEncoding = 4; lastKnownFileType = sourcecode.c.objc; path = ImageSelectionTableViewController.m; sourceTree = "<group>"; };
		8BBB4F6D1A60E564001240F5 /* PuzzleViewController.h */ = {isa = PBXFileReference; fileEncoding = 4; lastKnownFileType = sourcecode.c.h; path = PuzzleViewController.h; sourceTree = "<group>"; };
		8BBB4F6E1A60E564001240F5 /* PuzzleViewController.m */ = {isa = PBXFileReference; fileEncoding = 4; lastKnownFileType = sourcecode.c.objc; path = PuzzleViewController.m; sourceTree = "<group>"; };
		8BBB4F701A60E57F001240F5 /* ImageDataFetcher.h */ = {isa = PBXFileReference; fileEncoding = 4; lastKnownFileType = sourcecode.c.h; path = ImageDataFetcher.h; sourceTree = "<group>"; };
		8BBB4F711A60E57F001240F5 /* ImageDataFetcher.m */ = {isa = PBXFileReference; fileEncoding = 4; lastKnownFileType = sourcecode.c.objc; path = ImageDataFetcher.m; sourceTree = "<group>"; };
		8BBB4F731A60E64C001240F5 /* ImageData.h */ = {isa = PBXFileReference; fileEncoding = 4; lastKnownFileType = sourcecode.c.h; path = ImageData.h; sourceTree = "<group>"; };
		8BBB4F741A60E64C001240F5 /* ImageData.m */ = {isa = PBXFileReference; fileEncoding = 4; lastKnownFileType = sourcecode.c.objc; path = ImageData.m; sourceTree = "<group>"; };
		8BBB4F781A611683001240F5 /* MKAnnotationView+WebCache.h */ = {isa = PBXFileReference; fileEncoding = 4; lastKnownFileType = sourcecode.c.h; path = "MKAnnotationView+WebCache.h"; sourceTree = "<group>"; };
		8BBB4F791A611683001240F5 /* MKAnnotationView+WebCache.m */ = {isa = PBXFileReference; fileEncoding = 4; lastKnownFileType = sourcecode.c.objc; path = "MKAnnotationView+WebCache.m"; sourceTree = "<group>"; };
		8BBB4F7A1A611683001240F5 /* NSData+ImageContentType.h */ = {isa = PBXFileReference; fileEncoding = 4; lastKnownFileType = sourcecode.c.h; path = "NSData+ImageContentType.h"; sourceTree = "<group>"; };
		8BBB4F7B1A611683001240F5 /* NSData+ImageContentType.m */ = {isa = PBXFileReference; fileEncoding = 4; lastKnownFileType = sourcecode.c.objc; path = "NSData+ImageContentType.m"; sourceTree = "<group>"; };
		8BBB4F7C1A611683001240F5 /* SDImageCache.h */ = {isa = PBXFileReference; fileEncoding = 4; lastKnownFileType = sourcecode.c.h; path = SDImageCache.h; sourceTree = "<group>"; };
		8BBB4F7D1A611683001240F5 /* SDImageCache.m */ = {isa = PBXFileReference; fileEncoding = 4; lastKnownFileType = sourcecode.c.objc; path = SDImageCache.m; sourceTree = "<group>"; };
		8BBB4F7E1A611683001240F5 /* SDWebImageCompat.h */ = {isa = PBXFileReference; fileEncoding = 4; lastKnownFileType = sourcecode.c.h; path = SDWebImageCompat.h; sourceTree = "<group>"; };
		8BBB4F7F1A611683001240F5 /* SDWebImageCompat.m */ = {isa = PBXFileReference; fileEncoding = 4; lastKnownFileType = sourcecode.c.objc; path = SDWebImageCompat.m; sourceTree = "<group>"; };
		8BBB4F801A611683001240F5 /* SDWebImageDecoder.h */ = {isa = PBXFileReference; fileEncoding = 4; lastKnownFileType = sourcecode.c.h; path = SDWebImageDecoder.h; sourceTree = "<group>"; };
		8BBB4F811A611683001240F5 /* SDWebImageDecoder.m */ = {isa = PBXFileReference; fileEncoding = 4; lastKnownFileType = sourcecode.c.objc; path = SDWebImageDecoder.m; sourceTree = "<group>"; };
		8BBB4F821A611683001240F5 /* SDWebImageDownloader.h */ = {isa = PBXFileReference; fileEncoding = 4; lastKnownFileType = sourcecode.c.h; path = SDWebImageDownloader.h; sourceTree = "<group>"; };
		8BBB4F831A611683001240F5 /* SDWebImageDownloader.m */ = {isa = PBXFileReference; fileEncoding = 4; lastKnownFileType = sourcecode.c.objc; path = SDWebImageDownloader.m; sourceTree = "<group>"; };
		8BBB4F841A611683001240F5 /* SDWebImageDownloaderOperation.h */ = {isa = PBXFileReference; fileEncoding = 4; lastKnownFileType = sourcecode.c.h; path = SDWebImageDownloaderOperation.h; sourceTree = "<group>"; };
		8BBB4F851A611683001240F5 /* SDWebImageDownloaderOperation.m */ = {isa = PBXFileReference; fileEncoding = 4; lastKnownFileType = sourcecode.c.objc; path = SDWebImageDownloaderOperation.m; sourceTree = "<group>"; };
		8BBB4F861A611683001240F5 /* SDWebImageManager.h */ = {isa = PBXFileReference; fileEncoding = 4; lastKnownFileType = sourcecode.c.h; path = SDWebImageManager.h; sourceTree = "<group>"; };
		8BBB4F871A611683001240F5 /* SDWebImageManager.m */ = {isa = PBXFileReference; fileEncoding = 4; lastKnownFileType = sourcecode.c.objc; path = SDWebImageManager.m; sourceTree = "<group>"; };
		8BBB4F881A611683001240F5 /* SDWebImageOperation.h */ = {isa = PBXFileReference; fileEncoding = 4; lastKnownFileType = sourcecode.c.h; path = SDWebImageOperation.h; sourceTree = "<group>"; };
		8BBB4F891A611683001240F5 /* SDWebImagePrefetcher.h */ = {isa = PBXFileReference; fileEncoding = 4; lastKnownFileType = sourcecode.c.h; path = SDWebImagePrefetcher.h; sourceTree = "<group>"; };
		8BBB4F8A1A611683001240F5 /* SDWebImagePrefetcher.m */ = {isa = PBXFileReference; fileEncoding = 4; lastKnownFileType = sourcecode.c.objc; path = SDWebImagePrefetcher.m; sourceTree = "<group>"; };
		8BBB4F8B1A611683001240F5 /* UIButton+WebCache.h */ = {isa = PBXFileReference; fileEncoding = 4; lastKnownFileType = sourcecode.c.h; path = "UIButton+WebCache.h"; sourceTree = "<group>"; };
		8BBB4F8C1A611683001240F5 /* UIButton+WebCache.m */ = {isa = PBXFileReference; fileEncoding = 4; lastKnownFileType = sourcecode.c.objc; path = "UIButton+WebCache.m"; sourceTree = "<group>"; };
		8BBB4F8D1A611683001240F5 /* UIImage+GIF.h */ = {isa = PBXFileReference; fileEncoding = 4; lastKnownFileType = sourcecode.c.h; path = "UIImage+GIF.h"; sourceTree = "<group>"; };
		8BBB4F8E1A611683001240F5 /* UIImage+GIF.m */ = {isa = PBXFileReference; fileEncoding = 4; lastKnownFileType = sourcecode.c.objc; path = "UIImage+GIF.m"; sourceTree = "<group>"; };
		8BBB4F8F1A611683001240F5 /* UIImage+MultiFormat.h */ = {isa = PBXFileReference; fileEncoding = 4; lastKnownFileType = sourcecode.c.h; path = "UIImage+MultiFormat.h"; sourceTree = "<group>"; };
		8BBB4F901A611683001240F5 /* UIImage+MultiFormat.m */ = {isa = PBXFileReference; fileEncoding = 4; lastKnownFileType = sourcecode.c.objc; path = "UIImage+MultiFormat.m"; sourceTree = "<group>"; };
		8BBB4F911A611683001240F5 /* UIImage+WebP.h */ = {isa = PBXFileReference; fileEncoding = 4; lastKnownFileType = sourcecode.c.h; path = "UIImage+WebP.h"; sourceTree = "<group>"; };
		8BBB4F921A611683001240F5 /* UIImage+WebP.m */ = {isa = PBXFileReference; fileEncoding = 4; lastKnownFileType = sourcecode.c.objc; path = "UIImage+WebP.m"; sourceTree = "<group>"; };
		8BBB4F931A611683001240F5 /* UIImageView+HighlightedWebCache.h */ = {isa = PBXFileReference; fileEncoding = 4; lastKnownFileType = sourcecode.c.h; path = "UIImageView+HighlightedWebCache.h"; sourceTree = "<group>"; };
		8BBB4F941A611683001240F5 /* UIImageView+HighlightedWebCache.m */ = {isa = PBXFileReference; fileEncoding = 4; lastKnownFileType = sourcecode.c.objc; path = "UIImageView+HighlightedWebCache.m"; sourceTree = "<group>"; };
		8BBB4F951A611683001240F5 /* UIImageView+WebCache.h */ = {isa = PBXFileReference; fileEncoding = 4; lastKnownFileType = sourcecode.c.h; path = "UIImageView+WebCache.h"; sourceTree = "<group>"; };
		8BBB4F961A611683001240F5 /* UIImageView+WebCache.m */ = {isa = PBXFileReference; fileEncoding = 4; lastKnownFileType = sourcecode.c.objc; path = "UIImageView+WebCache.m"; sourceTree = "<group>"; };
		8BBB4F971A611683001240F5 /* UIView+WebCacheOperation.h */ = {isa = PBXFileReference; fileEncoding = 4; lastKnownFileType = sourcecode.c.h; path = "UIView+WebCacheOperation.h"; sourceTree = "<group>"; };
		8BBB4F981A611683001240F5 /* UIView+WebCacheOperation.m */ = {isa = PBXFileReference; fileEncoding = 4; lastKnownFileType = sourcecode.c.objc; path = "UIView+WebCacheOperation.m"; sourceTree = "<group>"; };
		8BBB4FAA1A611732001240F5 /* UIImageView+UIActivityIndicatorForSDWebImage.h */ = {isa = PBXFileReference; fileEncoding = 4; lastKnownFileType = sourcecode.c.h; path = "UIImageView+UIActivityIndicatorForSDWebImage.h"; sourceTree = "<group>"; };
		8BBB4FAB1A611732001240F5 /* UIImageView+UIActivityIndicatorForSDWebImage.m */ = {isa = PBXFileReference; fileEncoding = 4; lastKnownFileType = sourcecode.c.objc; path = "UIImageView+UIActivityIndicatorForSDWebImage.m"; sourceTree = "<group>"; };
		8BBB4FAD1A6117F3001240F5 /* ImageTableViewCell.h */ = {isa = PBXFileReference; fileEncoding = 4; lastKnownFileType = sourcecode.c.h; path = ImageTableViewCell.h; sourceTree = "<group>"; };
		8BBB4FAE1A6117F3001240F5 /* ImageTableViewCell.m */ = {isa = PBXFileReference; fileEncoding = 4; lastKnownFileType = sourcecode.c.objc; path = ImageTableViewCell.m; sourceTree = "<group>"; };
		8BBB4FAF1A6117F3001240F5 /* ImageTableViewCell.xib */ = {isa = PBXFileReference; fileEncoding = 4; lastKnownFileType = file.xib; path = ImageTableViewCell.xib; sourceTree = "<group>"; };
		8BBB4FB51A616FCA001240F5 /* UIImage+Extras.h */ = {isa = PBXFileReference; fileEncoding = 4; lastKnownFileType = sourcecode.c.h; path = "UIImage+Extras.h"; sourceTree = "<group>"; };
		8BBB4FB61A616FCA001240F5 /* UIImage+Extras.m */ = {isa = PBXFileReference; fileEncoding = 4; lastKnownFileType = sourcecode.c.objc; path = "UIImage+Extras.m"; sourceTree = "<group>"; };
		8BBB4FB81A623C6C001240F5 /* TileBoard.h */ = {isa = PBXFileReference; fileEncoding = 4; lastKnownFileType = sourcecode.c.h; path = TileBoard.h; sourceTree = "<group>"; };
		8BBB4FB91A623C6C001240F5 /* TileBoard.m */ = {isa = PBXFileReference; fileEncoding = 4; lastKnownFileType = sourcecode.c.objc; path = TileBoard.m; sourceTree = "<group>"; };
		8BBB4FBB1A623D20001240F5 /* TileBoardView.h */ = {isa = PBXFileReference; fileEncoding = 4; lastKnownFileType = sourcecode.c.h; path = TileBoardView.h; sourceTree = "<group>"; };
		8BBB4FBC1A623D20001240F5 /* TileBoardView.m */ = {isa = PBXFileReference; fileEncoding = 4; lastKnownFileType = sourcecode.c.objc; path = TileBoardView.m; sourceTree = "<group>"; };
/* End PBXFileReference section */

/* Begin PBXFrameworksBuildPhase section */
		8BBB4F371A60E4E9001240F5 /* Frameworks */ = {
			isa = PBXFrameworksBuildPhase;
			buildActionMask = 2147483647;
			files = (
			);
			runOnlyForDeploymentPostprocessing = 0;
		};
		8BBB4F501A60E4EA001240F5 /* Frameworks */ = {
			isa = PBXFrameworksBuildPhase;
			buildActionMask = 2147483647;
			files = (
			);
			runOnlyForDeploymentPostprocessing = 0;
		};
/* End PBXFrameworksBuildPhase section */

/* Begin PBXGroup section */
		8BBB4F311A60E4E9001240F5 = {
			isa = PBXGroup;
			children = (
				8BBB4F3C1A60E4E9001240F5 /* Earth Puzzles */,
				8BBB4F561A60E4EA001240F5 /* Earth PuzzlesTests */,
				8BBB4F3B1A60E4E9001240F5 /* Products */,
			);
			sourceTree = "<group>";
		};
		8BBB4F3B1A60E4E9001240F5 /* Products */ = {
			isa = PBXGroup;
			children = (
				8BBB4F3A1A60E4E9001240F5 /* Earth Puzzles.app */,
				8BBB4F531A60E4EA001240F5 /* Earth PuzzlesTests.xctest */,
			);
			name = Products;
			sourceTree = "<group>";
		};
		8BBB4F3C1A60E4E9001240F5 /* Earth Puzzles */ = {
			isa = PBXGroup;
			children = (
				8BBB4F631A60E527001240F5 /* Classes */,
				8BBB4F471A60E4E9001240F5 /* Main.storyboard */,
				8BBB4F4A1A60E4E9001240F5 /* Images.xcassets */,
				8BBB4F3D1A60E4E9001240F5 /* Supporting Files */,
			);
			path = "Earth Puzzles";
			sourceTree = "<group>";
		};
		8BBB4F3D1A60E4E9001240F5 /* Supporting Files */ = {
			isa = PBXGroup;
			children = (
				8BBB4F3E1A60E4E9001240F5 /* Info.plist */,
				8BBB4F3F1A60E4E9001240F5 /* main.m */,
			);
			name = "Supporting Files";
			sourceTree = "<group>";
		};
		8BBB4F561A60E4EA001240F5 /* Earth PuzzlesTests */ = {
			isa = PBXGroup;
			children = (
				8BBB4F591A60E4EA001240F5 /* Earth_PuzzlesTests.m */,
				8BBB4F571A60E4EA001240F5 /* Supporting Files */,
			);
			path = "Earth PuzzlesTests";
			sourceTree = "<group>";
		};
		8BBB4F571A60E4EA001240F5 /* Supporting Files */ = {
			isa = PBXGroup;
			children = (
				8BBB4F581A60E4EA001240F5 /* Info.plist */,
			);
			name = "Supporting Files";
			sourceTree = "<group>";
		};
		8BBB4F631A60E527001240F5 /* Classes */ = {
			isa = PBXGroup;
			children = (
				8BBB4FA91A61168D001240F5 /* Categories */,
				8BBB4F761A611683001240F5 /* Libraries */,
				8BBB4F661A60E527001240F5 /* Controller */,
				8BBB4F671A60E527001240F5 /* Model */,
				8BBB4F681A60E527001240F5 /* View */,
				8BBB4F641A60E527001240F5 /* AppDelegate.h */,
				8BBB4F651A60E527001240F5 /* AppDelegate.m */,
			);
			path = Classes;
			sourceTree = "<group>";
		};
		8BBB4F661A60E527001240F5 /* Controller */ = {
			isa = PBXGroup;
			children = (
				8BBB4F6A1A60E551001240F5 /* ImageSelectionTableViewController.h */,
				8BBB4F6B1A60E551001240F5 /* ImageSelectionTableViewController.m */,
				8BBB4F6D1A60E564001240F5 /* PuzzleViewController.h */,
				8BBB4F6E1A60E564001240F5 /* PuzzleViewController.m */,
			);
			path = Controller;
			sourceTree = "<group>";
		};
		8BBB4F671A60E527001240F5 /* Model */ = {
			isa = PBXGroup;
			children = (
				8BBB4F701A60E57F001240F5 /* ImageDataFetcher.h */,
				8BBB4F711A60E57F001240F5 /* ImageDataFetcher.m */,
				8BBB4F731A60E64C001240F5 /* ImageData.h */,
				8BBB4F741A60E64C001240F5 /* ImageData.m */,
				8BBB4FB81A623C6C001240F5 /* TileBoard.h */,
				8BBB4FB91A623C6C001240F5 /* TileBoard.m */,
			);
			path = Model;
			sourceTree = "<group>";
		};
		8BBB4F681A60E527001240F5 /* View */ = {
			isa = PBXGroup;
			children = (
				8BBB4F4C1A60E4E9001240F5 /* LaunchScreen.xib */,
				8BBB4FAD1A6117F3001240F5 /* ImageTableViewCell.h */,
				8BBB4FAE1A6117F3001240F5 /* ImageTableViewCell.m */,
				8BBB4FAF1A6117F3001240F5 /* ImageTableViewCell.xib */,
				8BBB4FBB1A623D20001240F5 /* TileBoardView.h */,
				8BBB4FBC1A623D20001240F5 /* TileBoardView.m */,
			);
			path = View;
			sourceTree = "<group>";
		};
		8BBB4F761A611683001240F5 /* Libraries */ = {
			isa = PBXGroup;
			children = (
				8BBB4F771A611683001240F5 /* SDWebImage */,
			);
			path = Libraries;
			sourceTree = "<group>";
		};
		8BBB4F771A611683001240F5 /* SDWebImage */ = {
			isa = PBXGroup;
			children = (
				8BBB4F781A611683001240F5 /* MKAnnotationView+WebCache.h */,
				8BBB4F791A611683001240F5 /* MKAnnotationView+WebCache.m */,
				8BBB4F7A1A611683001240F5 /* NSData+ImageContentType.h */,
				8BBB4F7B1A611683001240F5 /* NSData+ImageContentType.m */,
				8BBB4F7C1A611683001240F5 /* SDImageCache.h */,
				8BBB4F7D1A611683001240F5 /* SDImageCache.m */,
				8BBB4F7E1A611683001240F5 /* SDWebImageCompat.h */,
				8BBB4F7F1A611683001240F5 /* SDWebImageCompat.m */,
				8BBB4F801A611683001240F5 /* SDWebImageDecoder.h */,
				8BBB4F811A611683001240F5 /* SDWebImageDecoder.m */,
				8BBB4F821A611683001240F5 /* SDWebImageDownloader.h */,
				8BBB4F831A611683001240F5 /* SDWebImageDownloader.m */,
				8BBB4F841A611683001240F5 /* SDWebImageDownloaderOperation.h */,
				8BBB4F851A611683001240F5 /* SDWebImageDownloaderOperation.m */,
				8BBB4F861A611683001240F5 /* SDWebImageManager.h */,
				8BBB4F871A611683001240F5 /* SDWebImageManager.m */,
				8BBB4F881A611683001240F5 /* SDWebImageOperation.h */,
				8BBB4F891A611683001240F5 /* SDWebImagePrefetcher.h */,
				8BBB4F8A1A611683001240F5 /* SDWebImagePrefetcher.m */,
				8BBB4F8B1A611683001240F5 /* UIButton+WebCache.h */,
				8BBB4F8C1A611683001240F5 /* UIButton+WebCache.m */,
				8BBB4F8D1A611683001240F5 /* UIImage+GIF.h */,
				8BBB4F8E1A611683001240F5 /* UIImage+GIF.m */,
				8BBB4F8F1A611683001240F5 /* UIImage+MultiFormat.h */,
				8BBB4F901A611683001240F5 /* UIImage+MultiFormat.m */,
				8BBB4F911A611683001240F5 /* UIImage+WebP.h */,
				8BBB4F921A611683001240F5 /* UIImage+WebP.m */,
				8BBB4F931A611683001240F5 /* UIImageView+HighlightedWebCache.h */,
				8BBB4F941A611683001240F5 /* UIImageView+HighlightedWebCache.m */,
				8BBB4F951A611683001240F5 /* UIImageView+WebCache.h */,
				8BBB4F961A611683001240F5 /* UIImageView+WebCache.m */,
				8BBB4F971A611683001240F5 /* UIView+WebCacheOperation.h */,
				8BBB4F981A611683001240F5 /* UIView+WebCacheOperation.m */,
			);
			path = SDWebImage;
			sourceTree = "<group>";
		};
		8BBB4FA91A61168D001240F5 /* Categories */ = {
			isa = PBXGroup;
			children = (
				8BBB4FAA1A611732001240F5 /* UIImageView+UIActivityIndicatorForSDWebImage.h */,
				8BBB4FAB1A611732001240F5 /* UIImageView+UIActivityIndicatorForSDWebImage.m */,
				8BBB4FB51A616FCA001240F5 /* UIImage+Extras.h */,
				8BBB4FB61A616FCA001240F5 /* UIImage+Extras.m */,
			);
			path = Categories;
			sourceTree = "<group>";
		};
/* End PBXGroup section */

/* Begin PBXNativeTarget section */
		8BBB4F391A60E4E9001240F5 /* Earth Puzzles */ = {
			isa = PBXNativeTarget;
			buildConfigurationList = 8BBB4F5D1A60E4EA001240F5 /* Build configuration list for PBXNativeTarget "Earth Puzzles" */;
			buildPhases = (
				8BBB4F361A60E4E9001240F5 /* Sources */,
				8BBB4F371A60E4E9001240F5 /* Frameworks */,
				8BBB4F381A60E4E9001240F5 /* Resources */,
			);
			buildRules = (
			);
			dependencies = (
			);
			name = "Earth Puzzles";
			productName = "Earth Puzzles";
			productReference = 8BBB4F3A1A60E4E9001240F5 /* Earth Puzzles.app */;
			productType = "com.apple.product-type.application";
		};
		8BBB4F521A60E4EA001240F5 /* Earth PuzzlesTests */ = {
			isa = PBXNativeTarget;
			buildConfigurationList = 8BBB4F601A60E4EA001240F5 /* Build configuration list for PBXNativeTarget "Earth PuzzlesTests" */;
			buildPhases = (
				8BBB4F4F1A60E4EA001240F5 /* Sources */,
				8BBB4F501A60E4EA001240F5 /* Frameworks */,
				8BBB4F511A60E4EA001240F5 /* Resources */,
			);
			buildRules = (
			);
			dependencies = (
				8BBB4F551A60E4EA001240F5 /* PBXTargetDependency */,
			);
			name = "Earth PuzzlesTests";
			productName = "Earth PuzzlesTests";
			productReference = 8BBB4F531A60E4EA001240F5 /* Earth PuzzlesTests.xctest */;
			productType = "com.apple.product-type.bundle.unit-test";
		};
/* End PBXNativeTarget section */

/* Begin PBXProject section */
		8BBB4F321A60E4E9001240F5 /* Project object */ = {
			isa = PBXProject;
			attributes = {
				LastUpgradeCheck = 0610;
				ORGANIZATIONNAME = "Beau Young";
				TargetAttributes = {
					8BBB4F391A60E4E9001240F5 = {
						CreatedOnToolsVersion = 6.1.1;
					};
					8BBB4F521A60E4EA001240F5 = {
						CreatedOnToolsVersion = 6.1.1;
						TestTargetID = 8BBB4F391A60E4E9001240F5;
					};
				};
			};
			buildConfigurationList = 8BBB4F351A60E4E9001240F5 /* Build configuration list for PBXProject "Earth Puzzles" */;
			compatibilityVersion = "Xcode 3.2";
			developmentRegion = English;
			hasScannedForEncodings = 0;
			knownRegions = (
				en,
				Base,
			);
			mainGroup = 8BBB4F311A60E4E9001240F5;
			productRefGroup = 8BBB4F3B1A60E4E9001240F5 /* Products */;
			projectDirPath = "";
			projectRoot = "";
			targets = (
				8BBB4F391A60E4E9001240F5 /* Earth Puzzles */,
				8BBB4F521A60E4EA001240F5 /* Earth PuzzlesTests */,
			);
		};
/* End PBXProject section */

/* Begin PBXResourcesBuildPhase section */
		8BBB4F381A60E4E9001240F5 /* Resources */ = {
			isa = PBXResourcesBuildPhase;
			buildActionMask = 2147483647;
			files = (
				8BBB4F491A60E4E9001240F5 /* Main.storyboard in Resources */,
				8BBB4FB11A6117F3001240F5 /* ImageTableViewCell.xib in Resources */,
				8BBB4F4E1A60E4E9001240F5 /* LaunchScreen.xib in Resources */,
				8BBB4F4B1A60E4E9001240F5 /* Images.xcassets in Resources */,
			);
			runOnlyForDeploymentPostprocessing = 0;
		};
		8BBB4F511A60E4EA001240F5 /* Resources */ = {
			isa = PBXResourcesBuildPhase;
			buildActionMask = 2147483647;
			files = (
			);
			runOnlyForDeploymentPostprocessing = 0;
		};
/* End PBXResourcesBuildPhase section */

/* Begin PBXSourcesBuildPhase section */
		8BBB4F361A60E4E9001240F5 /* Sources */ = {
			isa = PBXSourcesBuildPhase;
			buildActionMask = 2147483647;
			files = (
				8BBB4F401A60E4E9001240F5 /* main.m in Sources */,
				8BBB4FA01A611683001240F5 /* SDWebImageManager.m in Sources */,
				8BBB4F9B1A611683001240F5 /* SDImageCache.m in Sources */,
				8BBB4F9F1A611683001240F5 /* SDWebImageDownloaderOperation.m in Sources */,
				8BBB4FBA1A623C6C001240F5 /* TileBoard.m in Sources */,
				8BBB4FA81A611683001240F5 /* UIView+WebCacheOperation.m in Sources */,
				8BBB4F751A60E64C001240F5 /* ImageData.m in Sources */,
				8BBB4FBD1A623D20001240F5 /* TileBoardView.m in Sources */,
				8BBB4FA21A611683001240F5 /* UIButton+WebCache.m in Sources */,
				8BBB4F9A1A611683001240F5 /* NSData+ImageContentType.m in Sources */,
				8BBB4FA11A611683001240F5 /* SDWebImagePrefetcher.m in Sources */,
				8BBB4F9E1A611683001240F5 /* SDWebImageDownloader.m in Sources */,
				8BBB4F691A60E527001240F5 /* AppDelegate.m in Sources */,
				8BBB4FA51A611683001240F5 /* UIImage+WebP.m in Sources */,
				8BBB4FA71A611683001240F5 /* UIImageView+WebCache.m in Sources */,
				8BBB4FB01A6117F3001240F5 /* ImageTableViewCell.m in Sources */,
				8BBB4F9D1A611683001240F5 /* SDWebImageDecoder.m in Sources */,
				8BBB4F6F1A60E564001240F5 /* PuzzleViewController.m in Sources */,
				8BBB4F991A611683001240F5 /* MKAnnotationView+WebCache.m in Sources */,
				8BBB4F9C1A611683001240F5 /* SDWebImageCompat.m in Sources */,
				8BBB4FAC1A611732001240F5 /* UIImageView+UIActivityIndicatorForSDWebImage.m in Sources */,
				8BBB4F6C1A60E551001240F5 /* ImageSelectionTableViewController.m in Sources */,
				8BBB4F721A60E57F001240F5 /* ImageDataFetcher.m in Sources */,
				8BBB4FB71A616FCA001240F5 /* UIImage+Extras.m in Sources */,
				8BBB4FA41A611683001240F5 /* UIImage+MultiFormat.m in Sources */,
				8BBB4FA61A611683001240F5 /* UIImageView+HighlightedWebCache.m in Sources */,
				8BBB4FA31A611683001240F5 /* UIImage+GIF.m in Sources */,
			);
			runOnlyForDeploymentPostprocessing = 0;
		};
		8BBB4F4F1A60E4EA001240F5 /* Sources */ = {
			isa = PBXSourcesBuildPhase;
			buildActionMask = 2147483647;
			files = (
				8BBB4F5A1A60E4EA001240F5 /* Earth_PuzzlesTests.m in Sources */,
			);
			runOnlyForDeploymentPostprocessing = 0;
		};
/* End PBXSourcesBuildPhase section */

/* Begin PBXTargetDependency section */
		8BBB4F551A60E4EA001240F5 /* PBXTargetDependency */ = {
			isa = PBXTargetDependency;
			target = 8BBB4F391A60E4E9001240F5 /* Earth Puzzles */;
			targetProxy = 8BBB4F541A60E4EA001240F5 /* PBXContainerItemProxy */;
		};
/* End PBXTargetDependency section */

/* Begin PBXVariantGroup section */
		8BBB4F471A60E4E9001240F5 /* Main.storyboard */ = {
			isa = PBXVariantGroup;
			children = (
				8BBB4F481A60E4E9001240F5 /* Base */,
			);
			name = Main.storyboard;
			sourceTree = "<group>";
		};
		8BBB4F4C1A60E4E9001240F5 /* LaunchScreen.xib */ = {
			isa = PBXVariantGroup;
			children = (
				8BBB4F4D1A60E4E9001240F5 /* Base */,
			);
			name = LaunchScreen.xib;
			path = ../..;
			sourceTree = "<group>";
		};
/* End PBXVariantGroup section */

/* Begin XCBuildConfiguration section */
		8BBB4F5B1A60E4EA001240F5 /* Debug */ = {
			isa = XCBuildConfiguration;
			buildSettings = {
				ALWAYS_SEARCH_USER_PATHS = NO;
				CLANG_CXX_LANGUAGE_STANDARD = "gnu++0x";
				CLANG_CXX_LIBRARY = "libc++";
				CLANG_ENABLE_MODULES = YES;
				CLANG_ENABLE_OBJC_ARC = YES;
				CLANG_WARN_BOOL_CONVERSION = YES;
				CLANG_WARN_CONSTANT_CONVERSION = YES;
				CLANG_WARN_DIRECT_OBJC_ISA_USAGE = YES_ERROR;
				CLANG_WARN_EMPTY_BODY = YES;
				CLANG_WARN_ENUM_CONVERSION = YES;
				CLANG_WARN_INT_CONVERSION = YES;
				CLANG_WARN_OBJC_ROOT_CLASS = YES_ERROR;
				CLANG_WARN_UNREACHABLE_CODE = YES;
				CLANG_WARN__DUPLICATE_METHOD_MATCH = YES;
				"CODE_SIGN_IDENTITY[sdk=iphoneos*]" = "iPhone Developer";
				COPY_PHASE_STRIP = NO;
				ENABLE_STRICT_OBJC_MSGSEND = YES;
				GCC_C_LANGUAGE_STANDARD = gnu99;
				GCC_DYNAMIC_NO_PIC = NO;
				GCC_OPTIMIZATION_LEVEL = 0;
				GCC_PREPROCESSOR_DEFINITIONS = (
					"DEBUG=1",
					"$(inherited)",
				);
				GCC_SYMBOLS_PRIVATE_EXTERN = NO;
				GCC_WARN_64_TO_32_BIT_CONVERSION = YES;
				GCC_WARN_ABOUT_RETURN_TYPE = YES_ERROR;
				GCC_WARN_UNDECLARED_SELECTOR = YES;
				GCC_WARN_UNINITIALIZED_AUTOS = YES_AGGRESSIVE;
				GCC_WARN_UNUSED_FUNCTION = YES;
				GCC_WARN_UNUSED_VARIABLE = YES;
				IPHONEOS_DEPLOYMENT_TARGET = 8.1;
				MTL_ENABLE_DEBUG_INFO = YES;
				ONLY_ACTIVE_ARCH = YES;
				SDKROOT = iphoneos;
			};
			name = Debug;
		};
		8BBB4F5C1A60E4EA001240F5 /* Release */ = {
			isa = XCBuildConfiguration;
			buildSettings = {
				ALWAYS_SEARCH_USER_PATHS = NO;
				CLANG_CXX_LANGUAGE_STANDARD = "gnu++0x";
				CLANG_CXX_LIBRARY = "libc++";
				CLANG_ENABLE_MODULES = YES;
				CLANG_ENABLE_OBJC_ARC = YES;
				CLANG_WARN_BOOL_CONVERSION = YES;
				CLANG_WARN_CONSTANT_CONVERSION = YES;
				CLANG_WARN_DIRECT_OBJC_ISA_USAGE = YES_ERROR;
				CLANG_WARN_EMPTY_BODY = YES;
				CLANG_WARN_ENUM_CONVERSION = YES;
				CLANG_WARN_INT_CONVERSION = YES;
				CLANG_WARN_OBJC_ROOT_CLASS = YES_ERROR;
				CLANG_WARN_UNREACHABLE_CODE = YES;
				CLANG_WARN__DUPLICATE_METHOD_MATCH = YES;
				"CODE_SIGN_IDENTITY[sdk=iphoneos*]" = "iPhone Developer";
				COPY_PHASE_STRIP = YES;
				ENABLE_NS_ASSERTIONS = NO;
				ENABLE_STRICT_OBJC_MSGSEND = YES;
				GCC_C_LANGUAGE_STANDARD = gnu99;
				GCC_WARN_64_TO_32_BIT_CONVERSION = YES;
				GCC_WARN_ABOUT_RETURN_TYPE = YES_ERROR;
				GCC_WARN_UNDECLARED_SELECTOR = YES;
				GCC_WARN_UNINITIALIZED_AUTOS = YES_AGGRESSIVE;
				GCC_WARN_UNUSED_FUNCTION = YES;
				GCC_WARN_UNUSED_VARIABLE = YES;
				IPHONEOS_DEPLOYMENT_TARGET = 8.1;
				MTL_ENABLE_DEBUG_INFO = NO;
				SDKROOT = iphoneos;
				VALIDATE_PRODUCT = YES;
			};
			name = Release;
		};
		8BBB4F5E1A60E4EA001240F5 /* Debug */ = {
			isa = XCBuildConfiguration;
			buildSettings = {
				ASSETCATALOG_COMPILER_APPICON_NAME = AppIcon;
				INFOPLIST_FILE = "Earth Puzzles/Info.plist";
				LD_RUNPATH_SEARCH_PATHS = "$(inherited) @executable_path/Frameworks";
				PRODUCT_NAME = "$(TARGET_NAME)";
			};
			name = Debug;
		};
		8BBB4F5F1A60E4EA001240F5 /* Release */ = {
			isa = XCBuildConfiguration;
			buildSettings = {
				ASSETCATALOG_COMPILER_APPICON_NAME = AppIcon;
				INFOPLIST_FILE = "Earth Puzzles/Info.plist";
				LD_RUNPATH_SEARCH_PATHS = "$(inherited) @executable_path/Frameworks";
				PRODUCT_NAME = "$(TARGET_NAME)";
			};
			name = Release;
		};
		8BBB4F611A60E4EA001240F5 /* Debug */ = {
			isa = XCBuildConfiguration;
			buildSettings = {
				BUNDLE_LOADER = "$(TEST_HOST)";
				FRAMEWORK_SEARCH_PATHS = (
					"$(SDKROOT)/Developer/Library/Frameworks",
					"$(inherited)",
				);
				GCC_PREPROCESSOR_DEFINITIONS = (
					"DEBUG=1",
					"$(inherited)",
				);
				INFOPLIST_FILE = "Earth PuzzlesTests/Info.plist";
				LD_RUNPATH_SEARCH_PATHS = "$(inherited) @executable_path/Frameworks @loader_path/Frameworks";
				PRODUCT_NAME = "$(TARGET_NAME)";
				TEST_HOST = "$(BUILT_PRODUCTS_DIR)/Earth Puzzles.app/Earth Puzzles";
			};
			name = Debug;
		};
		8BBB4F621A60E4EA001240F5 /* Release */ = {
			isa = XCBuildConfiguration;
			buildSettings = {
				BUNDLE_LOADER = "$(TEST_HOST)";
				FRAMEWORK_SEARCH_PATHS = (
					"$(SDKROOT)/Developer/Library/Frameworks",
					"$(inherited)",
				);
				INFOPLIST_FILE = "Earth PuzzlesTests/Info.plist";
				LD_RUNPATH_SEARCH_PATHS = "$(inherited) @executable_path/Frameworks @loader_path/Frameworks";
				PRODUCT_NAME = "$(TARGET_NAME)";
				TEST_HOST = "$(BUILT_PRODUCTS_DIR)/Earth Puzzles.app/Earth Puzzles";
			};
			name = Release;
		};
/* End XCBuildConfiguration section */

/* Begin XCConfigurationList section */
		8BBB4F351A60E4E9001240F5 /* Build configuration list for PBXProject "Earth Puzzles" */ = {
			isa = XCConfigurationList;
			buildConfigurations = (
				8BBB4F5B1A60E4EA001240F5 /* Debug */,
				8BBB4F5C1A60E4EA001240F5 /* Release */,
			);
			defaultConfigurationIsVisible = 0;
			defaultConfigurationName = Release;
		};
		8BBB4F5D1A60E4EA001240F5 /* Build configuration list for PBXNativeTarget "Earth Puzzles" */ = {
			isa = XCConfigurationList;
			buildConfigurations = (
				8BBB4F5E1A60E4EA001240F5 /* Debug */,
				8BBB4F5F1A60E4EA001240F5 /* Release */,
			);
			defaultConfigurationIsVisible = 0;
			defaultConfigurationName = Release;
		};
		8BBB4F601A60E4EA001240F5 /* Build configuration list for PBXNativeTarget "Earth PuzzlesTests" */ = {
			isa = XCConfigurationList;
			buildConfigurations = (
				8BBB4F611A60E4EA001240F5 /* Debug */,
				8BBB4F621A60E4EA001240F5 /* Release */,
			);
			defaultConfigurationIsVisible = 0;
			defaultConfigurationName = Release;
		};
/* End XCConfigurationList section */
	};
	rootObject = 8BBB4F321A60E4E9001240F5 /* Project object */;
}
